
Microsoft Visual Studio Solution File, Format Version 12.00
# Visual Studio Version 17
VisualStudioVersion = 17.2.32630.192
MinimumVisualStudioVersion = 10.0.40219.1
Project("{FAE04EC0-301F-11D3-BF4B-00C04F79EFBC}") = "TM2-Converter", "TM2-Converter\TM2-Converter.csproj", "{98402A8C-91DD-4562-B6E9-3D6BF1004565}"
EndProject
Global
	GlobalSection(SolutionConfigurationPlatforms) = preSolution
		Debug|Any CPU = Debug|Any CPU
		Release|Any CPU = Release|Any CPU
	EndGlobalSection
	GlobalSection(ProjectConfigurationPlatforms) = postSolution
		{98402A8C-91DD-4562-B6E9-3D6BF1004565}.Debug|Any CPU.ActiveCfg = Debug|Any CPU
		{98402A8C-91DD-4562-B6E9-3D6BF1004565}.Debug|Any CPU.Build.0 = Debug|Any CPU
		{98402A8C-91DD-4562-B6E9-3D6BF1004565}.Release|Any CPU.ActiveCfg = Release|Any CPU
		{98402A8C-91DD-4562-B6E9-3D6BF1004565}.Release|Any CPU.Build.0 = Release|Any CPU
	EndGlobalSection
	GlobalSection(SolutionProperties) = preSolution
		HideSolutionNode = FALSE
	EndGlobalSection
	GlobalSection(ExtensibilityGlobals) = postSolution
		SolutionGuid = {A0D0F368-73D8-4154-9842-ADE62B81EA29}
	EndGlobalSection
EndGlobal
